
Microsoft Visual Studio Solution File, Format Version 12.00
# Visual Studio Version 17
VisualStudioVersion = 17.4.33213.308
MinimumVisualStudioVersion = 10.0.40219.1
Project("{FAE04EC0-301F-11D3-BF4B-00C04F79EFBC}") = "React", "React\React.csproj", "{4FDD9BEA-11F3-4043-BDD0-0EA55BDD4578}"
EndProject
Global
	GlobalSection(SolutionConfigurationPlatforms) = preSolution
		Debug|Any CPU = Debug|Any CPU
		Release|Any CPU = Release|Any CPU
	EndGlobalSection
	GlobalSection(ProjectConfigurationPlatforms) = postSolution
		{4FDD9BEA-11F3-4043-BDD0-0EA55BDD4578}.Debug|Any CPU.ActiveCfg = Debug|Any CPU
		{4FDD9BEA-11F3-4043-BDD0-0EA55BDD4578}.Debug|Any CPU.Build.0 = Debug|Any CPU
		{4FDD9BEA-11F3-4043-BDD0-0EA55BDD4578}.Release|Any CPU.ActiveCfg = Release|Any CPU
		{4FDD9BEA-11F3-4043-BDD0-0EA55BDD4578}.Release|Any CPU.Build.0 = Release|Any CPU
	EndGlobalSection
	GlobalSection(SolutionProperties) = preSolution
		HideSolutionNode = FALSE
	EndGlobalSection
	GlobalSection(ExtensibilityGlobals) = postSolution
		SolutionGuid = {54CEE6F3-7389-4FE1-9156-5D7F2170492A}
	EndGlobalSection
EndGlobal
